
Microsoft Visual Studio Solution File, Format Version 12.00
# Visual Studio 15
VisualStudioVersion = 15.0.28010.2046
MinimumVisualStudioVersion = 10.0.40219.1
Project("{FAE04EC0-301F-11D3-BF4B-00C04F79EFBC}") = "CloverConta", "CloverConta\CloverConta.csproj", "{E4FD100D-C99E-4EFD-97FE-FC8C9349F903}"
EndProject
Project("{FAE04EC0-301F-11D3-BF4B-00C04F79EFBC}") = "Datos", "Datos\Datos.csproj", "{A8B588ED-1793-4F96-8DBC-1B807A6604B8}"
EndProject
Project("{FAE04EC0-301F-11D3-BF4B-00C04F79EFBC}") = "Logica", "Logica\Logica.csproj", "{AA56C482-C57C-4748-9681-2ED0180AD97F}"
EndProject
Global
	GlobalSection(SolutionConfigurationPlatforms) = preSolution
		Debug|Any CPU = Debug|Any CPU
		Release|Any CPU = Release|Any CPU
	EndGlobalSection
	GlobalSection(ProjectConfigurationPlatforms) = postSolution
		{E4FD100D-C99E-4EFD-97FE-FC8C9349F903}.Debug|Any CPU.ActiveCfg = Debug|Any CPU
		{E4FD100D-C99E-4EFD-97FE-FC8C9349F903}.Debug|Any CPU.Build.0 = Debug|Any CPU
		{E4FD100D-C99E-4EFD-97FE-FC8C9349F903}.Release|Any CPU.ActiveCfg = Release|Any CPU
		{E4FD100D-C99E-4EFD-97FE-FC8C9349F903}.Release|Any CPU.Build.0 = Release|Any CPU
		{A8B588ED-1793-4F96-8DBC-1B807A6604B8}.Debug|Any CPU.ActiveCfg = Debug|Any CPU
		{A8B588ED-1793-4F96-8DBC-1B807A6604B8}.Debug|Any CPU.Build.0 = Debug|Any CPU
		{A8B588ED-1793-4F96-8DBC-1B807A6604B8}.Release|Any CPU.ActiveCfg = Release|Any CPU
		{A8B588ED-1793-4F96-8DBC-1B807A6604B8}.Release|Any CPU.Build.0 = Release|Any CPU
		{AA56C482-C57C-4748-9681-2ED0180AD97F}.Debug|Any CPU.ActiveCfg = Debug|Any CPU
		{AA56C482-C57C-4748-9681-2ED0180AD97F}.Debug|Any CPU.Build.0 = Debug|Any CPU
		{AA56C482-C57C-4748-9681-2ED0180AD97F}.Release|Any CPU.ActiveCfg = Release|Any CPU
		{AA56C482-C57C-4748-9681-2ED0180AD97F}.Release|Any CPU.Build.0 = Release|Any CPU
	EndGlobalSection
	GlobalSection(SolutionProperties) = preSolution
		HideSolutionNode = FALSE
	EndGlobalSection
	GlobalSection(ExtensibilityGlobals) = postSolution
		SolutionGuid = {49E560B5-0FA0-49F2-9250-618BC010A3A4}
	EndGlobalSection
EndGlobal
